github.com/go-telegram/bot v1.14.1 h1:ySVCITvYsvBSiChOmr6GolLUcWX2T/ugykc2rjIaaQg=
github.com/go-telegram/bot v1.14.1/go.mod h1:i2TRs7fXWIeaceF3z7KzsMt/he0TwkVC680mvdTFYeM=
github.com/joho/godotenv v1.5.1 h1:7eLL/+HRGLY0ldzfGMeQkb7vMd0as4CfYvUVzLqw0N0=
github.com/joho/godotenv v1.5.1/go.mod h1:f4LDr5Voq0i2e/R5DDNOoa2zzDfwtkZa6DnEwAbqwq4=
golang.org/x/crypto/x509roots/fallback v0.0.0-20250406160420-959f8f3db0fb h1:Iu0p/klM0SM7atONioa/bPhLS7cjhnip99x1OIGibwg=
golang.org/x/crypto/x509roots/fallback v0.0.0-20250406160420-959f8f3db0fb/go.mod h1:lxN5T34bK4Z/i6cMaU7frUU57VkDXFD4Kamfl/cp9oU=
